
Microsoft Visual Studio Solution File, Format Version 12.00
# Visual Studio Version 16
VisualStudioVersion = 16.0.30907.101
MinimumVisualStudioVersion = 10.0.40219.1
Project("{FAE04EC0-301F-11D3-BF4B-00C04F79EFBC}") = "SalesWebMvc", "SalesWebMvc\SalesWebMvc.csproj", "{3D5B8980-8BD1-4702-95F5-0DFB5A2B79DC}"
EndProject
Global
	GlobalSection(SolutionConfigurationPlatforms) = preSolution
		Debug|Any CPU = Debug|Any CPU
		Release|Any CPU = Release|Any CPU
	EndGlobalSection
	GlobalSection(ProjectConfigurationPlatforms) = postSolution
		{3D5B8980-8BD1-4702-95F5-0DFB5A2B79DC}.Debug|Any CPU.ActiveCfg = Debug|Any CPU
		{3D5B8980-8BD1-4702-95F5-0DFB5A2B79DC}.Debug|Any CPU.Build.0 = Debug|Any CPU
		{3D5B8980-8BD1-4702-95F5-0DFB5A2B79DC}.Release|Any CPU.ActiveCfg = Release|Any CPU
		{3D5B8980-8BD1-4702-95F5-0DFB5A2B79DC}.Release|Any CPU.Build.0 = Release|Any CPU
	EndGlobalSection
	GlobalSection(SolutionProperties) = preSolution
		HideSolutionNode = FALSE
	EndGlobalSection
	GlobalSection(ExtensibilityGlobals) = postSolution
		SolutionGuid = {70AAB33C-49BC-47D5-8C0E-E3652D566AFD}
	EndGlobalSection
EndGlobal
